// !$*UTF8*$!
{
	archiveVersion = 1;
	classes = {
	};
	objectVersion = 56;
	objects = {

/* Begin PBXBuildFile section */
		6C1B18072C8788B200C86865 /* GweiModel.swift in Sources */ = {isa = PBXBuildFile; fileRef = 6C1B18062C8788B200C86865 /* GweiModel.swift */; };
		6C1B180A2C87983B00C86865 /* MarketDataView.swift in Sources */ = {isa = PBXBuildFile; fileRef = 6C1B18092C87983B00C86865 /* MarketDataView.swift */; };
		6C1B180C2C87986F00C86865 /* MarketDataViewModel.swift in Sources */ = {isa = PBXBuildFile; fileRef = 6C1B180B2C87986F00C86865 /* MarketDataViewModel.swift */; };
		6C5FB77D2C74C8D500E5323B /* NetworkinManager.swift in Sources */ = {isa = PBXBuildFile; fileRef = 6C5FB77C2C74C8D500E5323B /* NetworkinManager.swift */; };
		6C5FB77F2C7518A000E5323B /* CoinImageView.swift in Sources */ = {isa = PBXBuildFile; fileRef = 6C5FB77E2C7518A000E5323B /* CoinImageView.swift */; };
		6C5FB7812C751C7800E5323B /* CoinImageService.swift in Sources */ = {isa = PBXBuildFile; fileRef = 6C5FB7802C751C7800E5323B /* CoinImageService.swift */; };
		6C5FB7842C75244E00E5323B /* CoinImageViewModel.swift in Sources */ = {isa = PBXBuildFile; fileRef = 6C5FB7832C75244E00E5323B /* CoinImageViewModel.swift */; };
		6C692A462C6E31AF00E0E669 /* CoinRowView.swift in Sources */ = {isa = PBXBuildFile; fileRef = 6C692A452C6E31AF00E0E669 /* CoinRowView.swift */; };
		6C692A482C6E326200E0E669 /* PreviewExt.swift in Sources */ = {isa = PBXBuildFile; fileRef = 6C692A472C6E326200E0E669 /* PreviewExt.swift */; };
		6C692A4A2C6E475100E0E669 /* DoubleExt.swift in Sources */ = {isa = PBXBuildFile; fileRef = 6C692A492C6E475100E0E669 /* DoubleExt.swift */; };
		6C692A512C6F8C8D00E0E669 /* HomeView.swift in Sources */ = {isa = PBXBuildFile; fileRef = 6C692A502C6F8C8C00E0E669 /* HomeView.swift */; };
		6C692A532C6F9A0000E0E669 /* HomeViewModel.swift in Sources */ = {isa = PBXBuildFile; fileRef = 6C692A522C6F9A0000E0E669 /* HomeViewModel.swift */; };
		6C692A562C6FA3C800E0E669 /* PortfolioView.swift in Sources */ = {isa = PBXBuildFile; fileRef = 6C692A552C6FA3C800E0E669 /* PortfolioView.swift */; };
		6C692A5A2C6FA48F00E0E669 /* PortfolioViewModel.swift in Sources */ = {isa = PBXBuildFile; fileRef = 6C692A592C6FA48F00E0E669 /* PortfolioViewModel.swift */; };
		6C692A602C712F2F00E0E669 /* CoinDataService.swift in Sources */ = {isa = PBXBuildFile; fileRef = 6C692A5F2C712F2F00E0E669 /* CoinDataService.swift */; };
		6C6BDD012C8C895700CDEBDC /* GweiCardView.swift in Sources */ = {isa = PBXBuildFile; fileRef = 6C6BDD002C8C895700CDEBDC /* GweiCardView.swift */; };
		6C6BDD062C8C907400CDEBDC /* ExpandableInfoView.swift in Sources */ = {isa = PBXBuildFile; fileRef = 6C6BDD052C8C907400CDEBDC /* ExpandableInfoView.swift */; };
		6C750BBF2C9B5D850014055B /* Constants.swift in Sources */ = {isa = PBXBuildFile; fileRef = 6C750BBE2C9B5D850014055B /* Constants.swift */; };
		6C7CE4D02C8F098800A8EF3A /* StatisticModel.swift in Sources */ = {isa = PBXBuildFile; fileRef = 6C7CE4CF2C8F098800A8EF3A /* StatisticModel.swift */; };
		6C7CE4D22C8F0AB600A8EF3A /* StatisticView.swift in Sources */ = {isa = PBXBuildFile; fileRef = 6C7CE4D12C8F0AB600A8EF3A /* StatisticView.swift */; };
		6C7CE4D42C8F793800A8EF3A /* HomeStatsView.swift in Sources */ = {isa = PBXBuildFile; fileRef = 6C7CE4D32C8F793800A8EF3A /* HomeStatsView.swift */; };
		6C8609E92C6A232C00D33CD6 /* CoinScopeApp.swift in Sources */ = {isa = PBXBuildFile; fileRef = 6C8609E82C6A232C00D33CD6 /* CoinScopeApp.swift */; };
		6C8609F02C6A233100D33CD6 /* Preview Assets.xcassets in Resources */ = {isa = PBXBuildFile; fileRef = 6C8609EF2C6A233100D33CD6 /* Preview Assets.xcassets */; };
		6CB500042C7D19F00059B6D5 /* LocalFileManager.swift in Sources */ = {isa = PBXBuildFile; fileRef = 6CB500032C7D19F00059B6D5 /* LocalFileManager.swift */; };
		6CFC28992C6A321500DE2416 /* Assets.xcassets in Resources */ = {isa = PBXBuildFile; fileRef = 6CFC28982C6A321500DE2416 /* Assets.xcassets */; };
		6CFC289C2C6A334900DE2416 /* ColorExt.swift in Sources */ = {isa = PBXBuildFile; fileRef = 6CFC289B2C6A334900DE2416 /* ColorExt.swift */; };
		6CFC28CA2C6B791700DE2416 /* MainTabView.swift in Sources */ = {isa = PBXBuildFile; fileRef = 6CFC28C92C6B791700DE2416 /* MainTabView.swift */; };
		6CFC28CD2C6B7C0C00DE2416 /* CircleButton.swift in Sources */ = {isa = PBXBuildFile; fileRef = 6CFC28CC2C6B7C0C00DE2416 /* CircleButton.swift */; };
		6CFC28CF2C6B936B00DE2416 /* CoinModel.swift in Sources */ = {isa = PBXBuildFile; fileRef = 6CFC28CE2C6B936B00DE2416 /* CoinModel.swift */; };
/* End PBXBuildFile section */

/* Begin PBXFileReference section */
		6C1B18062C8788B200C86865 /* GweiModel.swift */ = {isa = PBXFileReference; lastKnownFileType = sourcecode.swift; path = GweiModel.swift; sourceTree = "<group>"; };
		6C1B18092C87983B00C86865 /* MarketDataView.swift */ = {isa = PBXFileReference; lastKnownFileType = sourcecode.swift; path = MarketDataView.swift; sourceTree = "<group>"; };
		6C1B180B2C87986F00C86865 /* MarketDataViewModel.swift */ = {isa = PBXFileReference; lastKnownFileType = sourcecode.swift; path = MarketDataViewModel.swift; sourceTree = "<group>"; };
		6C5FB77C2C74C8D500E5323B /* NetworkinManager.swift */ = {isa = PBXFileReference; lastKnownFileType = sourcecode.swift; path = NetworkinManager.swift; sourceTree = "<group>"; };
		6C5FB77E2C7518A000E5323B /* CoinImageView.swift */ = {isa = PBXFileReference; lastKnownFileType = sourcecode.swift; path = CoinImageView.swift; sourceTree = "<group>"; };
		6C5FB7802C751C7800E5323B /* CoinImageService.swift */ = {isa = PBXFileReference; lastKnownFileType = sourcecode.swift; path = CoinImageService.swift; sourceTree = "<group>"; };
		6C5FB7832C75244E00E5323B /* CoinImageViewModel.swift */ = {isa = PBXFileReference; lastKnownFileType = sourcecode.swift; path = CoinImageViewModel.swift; sourceTree = "<group>"; };
		6C692A452C6E31AF00E0E669 /* CoinRowView.swift */ = {isa = PBXFileReference; lastKnownFileType = sourcecode.swift; path = CoinRowView.swift; sourceTree = "<group>"; };
		6C692A472C6E326200E0E669 /* PreviewExt.swift */ = {isa = PBXFileReference; lastKnownFileType = sourcecode.swift; path = PreviewExt.swift; sourceTree = "<group>"; };
		6C692A492C6E475100E0E669 /* DoubleExt.swift */ = {isa = PBXFileReference; lastKnownFileType = sourcecode.swift; path = DoubleExt.swift; sourceTree = "<group>"; };
		6C692A502C6F8C8C00E0E669 /* HomeView.swift */ = {isa = PBXFileReference; lastKnownFileType = sourcecode.swift; path = HomeView.swift; sourceTree = "<group>"; };
		6C692A522C6F9A0000E0E669 /* HomeViewModel.swift */ = {isa = PBXFileReference; lastKnownFileType = sourcecode.swift; path = HomeViewModel.swift; sourceTree = "<group>"; };
		6C692A552C6FA3C800E0E669 /* PortfolioView.swift */ = {isa = PBXFileReference; lastKnownFileType = sourcecode.swift; path = PortfolioView.swift; sourceTree = "<group>"; };
		6C692A592C6FA48F00E0E669 /* PortfolioViewModel.swift */ = {isa = PBXFileReference; lastKnownFileType = sourcecode.swift; path = PortfolioViewModel.swift; sourceTree = "<group>"; };
		6C692A5F2C712F2F00E0E669 /* CoinDataService.swift */ = {isa = PBXFileReference; lastKnownFileType = sourcecode.swift; path = CoinDataService.swift; sourceTree = "<group>"; };
		6C6BDD002C8C895700CDEBDC /* GweiCardView.swift */ = {isa = PBXFileReference; lastKnownFileType = sourcecode.swift; path = GweiCardView.swift; sourceTree = "<group>"; };
		6C6BDD052C8C907400CDEBDC /* ExpandableInfoView.swift */ = {isa = PBXFileReference; lastKnownFileType = sourcecode.swift; path = ExpandableInfoView.swift; sourceTree = "<group>"; };
		6C750BBE2C9B5D850014055B /* Constants.swift */ = {isa = PBXFileReference; lastKnownFileType = sourcecode.swift; path = Constants.swift; sourceTree = "<group>"; };
		6C7CE4CF2C8F098800A8EF3A /* StatisticModel.swift */ = {isa = PBXFileReference; lastKnownFileType = sourcecode.swift; path = StatisticModel.swift; sourceTree = "<group>"; };
		6C7CE4D12C8F0AB600A8EF3A /* StatisticView.swift */ = {isa = PBXFileReference; lastKnownFileType = sourcecode.swift; path = StatisticView.swift; sourceTree = "<group>"; };
		6C7CE4D32C8F793800A8EF3A /* HomeStatsView.swift */ = {isa = PBXFileReference; lastKnownFileType = sourcecode.swift; path = HomeStatsView.swift; sourceTree = "<group>"; };
		6C8609E52C6A232C00D33CD6 /* CoinScope.app */ = {isa = PBXFileReference; explicitFileType = wrapper.application; includeInIndex = 0; path = CoinScope.app; sourceTree = BUILT_PRODUCTS_DIR; };
		6C8609E82C6A232C00D33CD6 /* CoinScopeApp.swift */ = {isa = PBXFileReference; lastKnownFileType = sourcecode.swift; path = CoinScopeApp.swift; sourceTree = "<group>"; };
		6C8609EF2C6A233100D33CD6 /* Preview Assets.xcassets */ = {isa = PBXFileReference; lastKnownFileType = folder.assetcatalog; path = "Preview Assets.xcassets"; sourceTree = "<group>"; };
		6CB500032C7D19F00059B6D5 /* LocalFileManager.swift */ = {isa = PBXFileReference; lastKnownFileType = sourcecode.swift; path = LocalFileManager.swift; sourceTree = "<group>"; };
		6CFC28982C6A321500DE2416 /* Assets.xcassets */ = {isa = PBXFileReference; lastKnownFileType = folder.assetcatalog; name = Assets.xcassets; path = "Preview Content/Assets.xcassets"; sourceTree = "<group>"; };
		6CFC289B2C6A334900DE2416 /* ColorExt.swift */ = {isa = PBXFileReference; lastKnownFileType = sourcecode.swift; path = ColorExt.swift; sourceTree = "<group>"; };
		6CFC28C92C6B791700DE2416 /* MainTabView.swift */ = {isa = PBXFileReference; lastKnownFileType = sourcecode.swift; path = MainTabView.swift; sourceTree = "<group>"; };
		6CFC28CC2C6B7C0C00DE2416 /* CircleButton.swift */ = {isa = PBXFileReference; lastKnownFileType = sourcecode.swift; path = CircleButton.swift; sourceTree = "<group>"; };
		6CFC28CE2C6B936B00DE2416 /* CoinModel.swift */ = {isa = PBXFileReference; lastKnownFileType = sourcecode.swift; path = CoinModel.swift; sourceTree = "<group>"; };
/* End PBXFileReference section */

/* Begin PBXFrameworksBuildPhase section */
		6C8609E22C6A232C00D33CD6 /* Frameworks */ = {
			isa = PBXFrameworksBuildPhase;
			buildActionMask = 2147483647;
			files = (
			);
			runOnlyForDeploymentPostprocessing = 0;
		};
/* End PBXFrameworksBuildPhase section */

/* Begin PBXGroup section */
		6C1B18082C87981F00C86865 /* MarketData */ = {
			isa = PBXGroup;
			children = (
				6C6BDD042C8C904400CDEBDC /* ViewModels */,
				6C6BDD032C8C902D00CDEBDC /* Views */,
				6C6BDD022C8C901000CDEBDC /* Components */,
			);
			path = MarketData;
			sourceTree = "<group>";
		};
		6C5FB77B2C74C89D00E5323B /* Utilities */ = {
			isa = PBXGroup;
			children = (
				6C5FB77C2C74C8D500E5323B /* NetworkinManager.swift */,
				6CB500032C7D19F00059B6D5 /* LocalFileManager.swift */,
				6C750BBE2C9B5D850014055B /* Constants.swift */,
			);
			path = Utilities;
			sourceTree = "<group>";
		};
		6C5FB7822C75243100E5323B /* CoinImage */ = {
			isa = PBXGroup;
			children = (
				6C5FB77E2C7518A000E5323B /* CoinImageView.swift */,
				6C5FB7832C75244E00E5323B /* CoinImageViewModel.swift */,
			);
			path = CoinImage;
			sourceTree = "<group>";
		};
		6C692A542C6FA3AE00E0E669 /* Portfoilio */ = {
			isa = PBXGroup;
			children = (
				6C692A572C6FA3E600E0E669 /* Views */,
				6C692A582C6FA3F600E0E669 /* ViewModels */,
			);
			path = Portfoilio;
			sourceTree = "<group>";
		};
		6C692A572C6FA3E600E0E669 /* Views */ = {
			isa = PBXGroup;
			children = (
				6C692A552C6FA3C800E0E669 /* PortfolioView.swift */,
			);
			name = Views;
			path = "New Group";
			sourceTree = "<group>";
		};
		6C692A582C6FA3F600E0E669 /* ViewModels */ = {
			isa = PBXGroup;
			children = (
				6C692A592C6FA48F00E0E669 /* PortfolioViewModel.swift */,
			);
			name = ViewModels;
			sourceTree = "<group>";
		};
		6C692A5E2C712F0B00E0E669 /* Services */ = {
			isa = PBXGroup;
			children = (
				6C692A5F2C712F2F00E0E669 /* CoinDataService.swift */,
				6C5FB7802C751C7800E5323B /* CoinImageService.swift */,
			);
			path = Services;
			sourceTree = "<group>";
		};
		6C6BDD022C8C901000CDEBDC /* Components */ = {
			isa = PBXGroup;
			children = (
				6C6BDD002C8C895700CDEBDC /* GweiCardView.swift */,
			);
			path = Components;
			sourceTree = "<group>";
		};
		6C6BDD032C8C902D00CDEBDC /* Views */ = {
			isa = PBXGroup;
			children = (
				6C1B18092C87983B00C86865 /* MarketDataView.swift */,
			);
			path = Views;
			sourceTree = "<group>";
		};
		6C6BDD042C8C904400CDEBDC /* ViewModels */ = {
			isa = PBXGroup;
			children = (
				6C1B180B2C87986F00C86865 /* MarketDataViewModel.swift */,
			);
			path = ViewModels;
			sourceTree = "<group>";
		};
		6C8609DC2C6A232C00D33CD6 = {
			isa = PBXGroup;
			children = (
				6C8609E72C6A232C00D33CD6 /* CoinScope */,
				6C8609E62C6A232C00D33CD6 /* Products */,
			);
			sourceTree = "<group>";
		};
		6C8609E62C6A232C00D33CD6 /* Products */ = {
			isa = PBXGroup;
			children = (
				6C8609E52C6A232C00D33CD6 /* CoinScope.app */,
			);
			name = Products;
			sourceTree = "<group>";
		};
		6C8609E72C6A232C00D33CD6 /* CoinScope */ = {
			isa = PBXGroup;
			children = (
				6C8609E82C6A232C00D33CD6 /* CoinScopeApp.swift */,
				6C5FB77B2C74C89D00E5323B /* Utilities */,
				6CFC289A2C6A333800DE2416 /* Extensions */,
				6C692A5E2C712F0B00E0E669 /* Services */,
				6CFC28D02C6B937000DE2416 /* Models */,
				6CFC28CB2C6B7BBC00DE2416 /* Components */,
				6CFC28C52C6B789700DE2416 /* Core */,
				6CFC28982C6A321500DE2416 /* Assets.xcassets */,
				6C8609EE2C6A233100D33CD6 /* Preview Content */,
			);
			path = CoinScope;
			sourceTree = "<group>";
		};
		6C8609EE2C6A233100D33CD6 /* Preview Content */ = {
			isa = PBXGroup;
			children = (
				6C8609EF2C6A233100D33CD6 /* Preview Assets.xcassets */,
			);
			path = "Preview Content";
			sourceTree = "<group>";
		};
		6CFC289A2C6A333800DE2416 /* Extensions */ = {
			isa = PBXGroup;
			children = (
				6CFC289B2C6A334900DE2416 /* ColorExt.swift */,
				6C692A472C6E326200E0E669 /* PreviewExt.swift */,
				6C692A492C6E475100E0E669 /* DoubleExt.swift */,
			);
			path = Extensions;
			sourceTree = "<group>";
		};
		6CFC28C52C6B789700DE2416 /* Core */ = {
			isa = PBXGroup;
			children = (
				6CFC28C92C6B791700DE2416 /* MainTabView.swift */,
				6C1B18082C87981F00C86865 /* MarketData */,
				6C692A542C6FA3AE00E0E669 /* Portfoilio */,
				6CFC28C62C6B78A200DE2416 /* Home */,
			);
			path = Core;
			sourceTree = "<group>";
		};
		6CFC28C62C6B78A200DE2416 /* Home */ = {
			isa = PBXGroup;
			children = (
				6CFC28C82C6B78EF00DE2416 /* ViewModels */,
				6CFC28C72C6B78E400DE2416 /* Views */,
			);
			path = Home;
			sourceTree = "<group>";
		};
		6CFC28C72C6B78E400DE2416 /* Views */ = {
			isa = PBXGroup;
			children = (
				6C692A502C6F8C8C00E0E669 /* HomeView.swift */,
				6C7CE4D32C8F793800A8EF3A /* HomeStatsView.swift */,
			);
			path = Views;
			sourceTree = "<group>";
		};
		6CFC28C82C6B78EF00DE2416 /* ViewModels */ = {
			isa = PBXGroup;
			children = (
				6C692A522C6F9A0000E0E669 /* HomeViewModel.swift */,
			);
			path = ViewModels;
			sourceTree = "<group>";
		};
		6CFC28CB2C6B7BBC00DE2416 /* Components */ = {
			isa = PBXGroup;
			children = (
				6C5FB7822C75243100E5323B /* CoinImage */,
				6CFC28CC2C6B7C0C00DE2416 /* CircleButton.swift */,
				6C692A452C6E31AF00E0E669 /* CoinRowView.swift */,
				6C6BDD052C8C907400CDEBDC /* ExpandableInfoView.swift */,
				6C7CE4D12C8F0AB600A8EF3A /* StatisticView.swift */,
			);
			path = Components;
			sourceTree = "<group>";
		};
		6CFC28D02C6B937000DE2416 /* Models */ = {
			isa = PBXGroup;
			children = (
				6CFC28CE2C6B936B00DE2416 /* CoinModel.swift */,
				6C1B18062C8788B200C86865 /* GweiModel.swift */,
				6C7CE4CF2C8F098800A8EF3A /* StatisticModel.swift */,
			);
			path = Models;
			sourceTree = "<group>";
		};
/* End PBXGroup section */

/* Begin PBXNativeTarget section */
		6C8609E42C6A232C00D33CD6 /* CoinScope */ = {
			isa = PBXNativeTarget;
			buildConfigurationList = 6C8609F32C6A233100D33CD6 /* Build configuration list for PBXNativeTarget "CoinScope" */;
			buildPhases = (
				6C8609E12C6A232C00D33CD6 /* Sources */,
				6C8609E22C6A232C00D33CD6 /* Frameworks */,
				6C8609E32C6A232C00D33CD6 /* Resources */,
			);
			buildRules = (
			);
			dependencies = (
			);
			name = CoinScope;
			productName = CoinScope;
			productReference = 6C8609E52C6A232C00D33CD6 /* CoinScope.app */;
			productType = "com.apple.product-type.application";
		};
/* End PBXNativeTarget section */

/* Begin PBXProject section */
		6C8609DD2C6A232C00D33CD6 /* Project object */ = {
			isa = PBXProject;
			attributes = {
				BuildIndependentTargetsInParallel = 1;
				LastSwiftUpdateCheck = 1520;
				LastUpgradeCheck = 1520;
				TargetAttributes = {
					6C8609E42C6A232C00D33CD6 = {
						CreatedOnToolsVersion = 15.2;
					};
				};
			};
			buildConfigurationList = 6C8609E02C6A232C00D33CD6 /* Build configuration list for PBXProject "CoinScope" */;
			compatibilityVersion = "Xcode 14.0";
			developmentRegion = en;
			hasScannedForEncodings = 0;
			knownRegions = (
				en,
				Base,
			);
			mainGroup = 6C8609DC2C6A232C00D33CD6;
			productRefGroup = 6C8609E62C6A232C00D33CD6 /* Products */;
			projectDirPath = "";
			projectRoot = "";
			targets = (
				6C8609E42C6A232C00D33CD6 /* CoinScope */,
			);
		};
/* End PBXProject section */

/* Begin PBXResourcesBuildPhase section */
		6C8609E32C6A232C00D33CD6 /* Resources */ = {
			isa = PBXResourcesBuildPhase;
			buildActionMask = 2147483647;
			files = (
				6C8609F02C6A233100D33CD6 /* Preview Assets.xcassets in Resources */,
				6CFC28992C6A321500DE2416 /* Assets.xcassets in Resources */,
			);
			runOnlyForDeploymentPostprocessing = 0;
		};
/* End PBXResourcesBuildPhase section */

/* Begin PBXSourcesBuildPhase section */
		6C8609E12C6A232C00D33CD6 /* Sources */ = {
			isa = PBXSourcesBuildPhase;
			buildActionMask = 2147483647;
			files = (
				6C692A462C6E31AF00E0E669 /* CoinRowView.swift in Sources */,
				6CFC28CF2C6B936B00DE2416 /* CoinModel.swift in Sources */,
				6C7CE4D42C8F793800A8EF3A /* HomeStatsView.swift in Sources */,
				6C692A482C6E326200E0E669 /* PreviewExt.swift in Sources */,
				6C692A602C712F2F00E0E669 /* CoinDataService.swift in Sources */,
				6C692A5A2C6FA48F00E0E669 /* PortfolioViewModel.swift in Sources */,
				6C1B180A2C87983B00C86865 /* MarketDataView.swift in Sources */,
				6C692A4A2C6E475100E0E669 /* DoubleExt.swift in Sources */,
				6CB500042C7D19F00059B6D5 /* LocalFileManager.swift in Sources */,
				6C692A512C6F8C8D00E0E669 /* HomeView.swift in Sources */,
				6CFC28CA2C6B791700DE2416 /* MainTabView.swift in Sources */,
				6C692A532C6F9A0000E0E669 /* HomeViewModel.swift in Sources */,
				6CFC289C2C6A334900DE2416 /* ColorExt.swift in Sources */,
				6C5FB77F2C7518A000E5323B /* CoinImageView.swift in Sources */,
				6C6BDD062C8C907400CDEBDC /* ExpandableInfoView.swift in Sources */,
				6C7CE4D02C8F098800A8EF3A /* StatisticModel.swift in Sources */,
				6C8609E92C6A232C00D33CD6 /* CoinScopeApp.swift in Sources */,
				6C5FB77D2C74C8D500E5323B /* NetworkinManager.swift in Sources */,
				6C1B180C2C87986F00C86865 /* MarketDataViewModel.swift in Sources */,
				6C1B18072C8788B200C86865 /* GweiModel.swift in Sources */,
				6CFC28CD2C6B7C0C00DE2416 /* CircleButton.swift in Sources */,
				6C7CE4D22C8F0AB600A8EF3A /* StatisticView.swift in Sources */,
				6C5FB7842C75244E00E5323B /* CoinImageViewModel.swift in Sources */,
				6C5FB7812C751C7800E5323B /* CoinImageService.swift in Sources */,
				6C6BDD012C8C895700CDEBDC /* GweiCardView.swift in Sources */,
				6C692A562C6FA3C800E0E669 /* PortfolioView.swift in Sources */,
				6C750BBF2C9B5D850014055B /* Constants.swift in Sources */,
			);
			runOnlyForDeploymentPostprocessing = 0;
		};
/* End PBXSourcesBuildPhase section */

/* Begin XCBuildConfiguration section */
		6C8609F12C6A233100D33CD6 /* Debug */ = {
			isa = XCBuildConfiguration;
			buildSettings = {
				ALWAYS_SEARCH_USER_PATHS = NO;
				ASSETCATALOG_COMPILER_GENERATE_SWIFT_ASSET_SYMBOL_EXTENSIONS = YES;
				CLANG_ANALYZER_NONNULL = YES;
				CLANG_ANALYZER_NUMBER_OBJECT_CONVERSION = YES_AGGRESSIVE;
				CLANG_CXX_LANGUAGE_STANDARD = "gnu++20";
				CLANG_ENABLE_MODULES = YES;
				CLANG_ENABLE_OBJC_ARC = YES;
				CLANG_ENABLE_OBJC_WEAK = YES;
				CLANG_WARN_BLOCK_CAPTURE_AUTORELEASING = YES;
				CLANG_WARN_BOOL_CONVERSION = YES;
				CLANG_WARN_COMMA = YES;
				CLANG_WARN_CONSTANT_CONVERSION = YES;
				CLANG_WARN_DEPRECATED_OBJC_IMPLEMENTATIONS = YES;
				CLANG_WARN_DIRECT_OBJC_ISA_USAGE = YES_ERROR;
				CLANG_WARN_DOCUMENTATION_COMMENTS = YES;
				CLANG_WARN_EMPTY_BODY = YES;
				CLANG_WARN_ENUM_CONVERSION = YES;
				CLANG_WARN_INFINITE_RECURSION = YES;
				CLANG_WARN_INT_CONVERSION = YES;
				CLANG_WARN_NON_LITERAL_NULL_CONVERSION = YES;
				CLANG_WARN_OBJC_IMPLICIT_RETAIN_SELF = YES;
				CLANG_WARN_OBJC_LITERAL_CONVERSION = YES;
				CLANG_WARN_OBJC_ROOT_CLASS = YES_ERROR;
				CLANG_WARN_QUOTED_INCLUDE_IN_FRAMEWORK_HEADER = YES;
				CLANG_WARN_RANGE_LOOP_ANALYSIS = YES;
				CLANG_WARN_STRICT_PROTOTYPES = YES;
				CLANG_WARN_SUSPICIOUS_MOVE = YES;
				CLANG_WARN_UNGUARDED_AVAILABILITY = YES_AGGRESSIVE;
				CLANG_WARN_UNREACHABLE_CODE = YES;
				CLANG_WARN__DUPLICATE_METHOD_MATCH = YES;
				COPY_PHASE_STRIP = NO;
				DEBUG_INFORMATION_FORMAT = dwarf;
				ENABLE_STRICT_OBJC_MSGSEND = YES;
				ENABLE_TESTABILITY = YES;
				ENABLE_USER_SCRIPT_SANDBOXING = YES;
				GCC_C_LANGUAGE_STANDARD = gnu17;
				GCC_DYNAMIC_NO_PIC = NO;
				GCC_NO_COMMON_BLOCKS = YES;
				GCC_OPTIMIZATION_LEVEL = 0;
				GCC_PREPROCESSOR_DEFINITIONS = (
					"DEBUG=1",
					"$(inherited)",
				);
				GCC_WARN_64_TO_32_BIT_CONVERSION = YES;
				GCC_WARN_ABOUT_RETURN_TYPE = YES_ERROR;
				GCC_WARN_UNDECLARED_SELECTOR = YES;
				GCC_WARN_UNINITIALIZED_AUTOS = YES_AGGRESSIVE;
				GCC_WARN_UNUSED_FUNCTION = YES;
				GCC_WARN_UNUSED_VARIABLE = YES;
				IPHONEOS_DEPLOYMENT_TARGET = 17.2;
				LOCALIZATION_PREFERS_STRING_CATALOGS = YES;
				MTL_ENABLE_DEBUG_INFO = INCLUDE_SOURCE;
				MTL_FAST_MATH = YES;
				ONLY_ACTIVE_ARCH = YES;
				SDKROOT = iphoneos;
				SWIFT_ACTIVE_COMPILATION_CONDITIONS = "DEBUG $(inherited)";
				SWIFT_OPTIMIZATION_LEVEL = "-Onone";
			};
			name = Debug;
		};
		6C8609F22C6A233100D33CD6 /* Release */ = {
			isa = XCBuildConfiguration;
			buildSettings = {
				ALWAYS_SEARCH_USER_PATHS = NO;
				ASSETCATALOG_COMPILER_GENERATE_SWIFT_ASSET_SYMBOL_EXTENSIONS = YES;
				CLANG_ANALYZER_NONNULL = YES;
				CLANG_ANALYZER_NUMBER_OBJECT_CONVERSION = YES_AGGRESSIVE;
				CLANG_CXX_LANGUAGE_STANDARD = "gnu++20";
				CLANG_ENABLE_MODULES = YES;
				CLANG_ENABLE_OBJC_ARC = YES;
				CLANG_ENABLE_OBJC_WEAK = YES;
				CLANG_WARN_BLOCK_CAPTURE_AUTORELEASING = YES;
				CLANG_WARN_BOOL_CONVERSION = YES;
				CLANG_WARN_COMMA = YES;
				CLANG_WARN_CONSTANT_CONVERSION = YES;
				CLANG_WARN_DEPRECATED_OBJC_IMPLEMENTATIONS = YES;
				CLANG_WARN_DIRECT_OBJC_ISA_USAGE = YES_ERROR;
				CLANG_WARN_DOCUMENTATION_COMMENTS = YES;
				CLANG_WARN_EMPTY_BODY = YES;
				CLANG_WARN_ENUM_CONVERSION = YES;
				CLANG_WARN_INFINITE_RECURSION = YES;
				CLANG_WARN_INT_CONVERSION = YES;
				CLANG_WARN_NON_LITERAL_NULL_CONVERSION = YES;
				CLANG_WARN_OBJC_IMPLICIT_RETAIN_SELF = YES;
				CLANG_WARN_OBJC_LITERAL_CONVERSION = YES;
				CLANG_WARN_OBJC_ROOT_CLASS = YES_ERROR;
				CLANG_WARN_QUOTED_INCLUDE_IN_FRAMEWORK_HEADER = YES;
				CLANG_WARN_RANGE_LOOP_ANALYSIS = YES;
				CLANG_WARN_STRICT_PROTOTYPES = YES;
				CLANG_WARN_SUSPICIOUS_MOVE = YES;
				CLANG_WARN_UNGUARDED_AVAILABILITY = YES_AGGRESSIVE;
				CLANG_WARN_UNREACHABLE_CODE = YES;
				CLANG_WARN__DUPLICATE_METHOD_MATCH = YES;
				COPY_PHASE_STRIP = NO;
				DEBUG_INFORMATION_FORMAT = "dwarf-with-dsym";
				ENABLE_NS_ASSERTIONS = NO;
				ENABLE_STRICT_OBJC_MSGSEND = YES;
				ENABLE_USER_SCRIPT_SANDBOXING = YES;
				GCC_C_LANGUAGE_STANDARD = gnu17;
				GCC_NO_COMMON_BLOCKS = YES;
				GCC_WARN_64_TO_32_BIT_CONVERSION = YES;
				GCC_WARN_ABOUT_RETURN_TYPE = YES_ERROR;
				GCC_WARN_UNDECLARED_SELECTOR = YES;
				GCC_WARN_UNINITIALIZED_AUTOS = YES_AGGRESSIVE;
				GCC_WARN_UNUSED_FUNCTION = YES;
				GCC_WARN_UNUSED_VARIABLE = YES;
				IPHONEOS_DEPLOYMENT_TARGET = 17.2;
				LOCALIZATION_PREFERS_STRING_CATALOGS = YES;
				MTL_ENABLE_DEBUG_INFO = NO;
				MTL_FAST_MATH = YES;
				SDKROOT = iphoneos;
				SWIFT_COMPILATION_MODE = wholemodule;
				VALIDATE_PRODUCT = YES;
			};
			name = Release;
		};
		6C8609F42C6A233100D33CD6 /* Debug */ = {
			isa = XCBuildConfiguration;
			buildSettings = {
				ASSETCATALOG_COMPILER_APPICON_NAME = AppIcon;
				ASSETCATALOG_COMPILER_GLOBAL_ACCENT_COLOR_NAME = AccentColor;
				CODE_SIGN_STYLE = Automatic;
				CURRENT_PROJECT_VERSION = 1;
				DEVELOPMENT_ASSET_PATHS = "\"CoinScope/Preview Content\"";
				DEVELOPMENT_TEAM = C2RY72XWQ2;
				ENABLE_PREVIEWS = YES;
				GENERATE_INFOPLIST_FILE = YES;
				INFOPLIST_KEY_UIApplicationSceneManifest_Generation = YES;
				INFOPLIST_KEY_UIApplicationSupportsIndirectInputEvents = YES;
				INFOPLIST_KEY_UILaunchScreen_Generation = YES;
				INFOPLIST_KEY_UISupportedInterfaceOrientations_iPad = "UIInterfaceOrientationPortrait UIInterfaceOrientationPortraitUpsideDown UIInterfaceOrientationLandscapeLeft UIInterfaceOrientationLandscapeRight";
				INFOPLIST_KEY_UISupportedInterfaceOrientations_iPhone = "UIInterfaceOrientationPortrait UIInterfaceOrientationLandscapeLeft UIInterfaceOrientationLandscapeRight";
				LD_RUNPATH_SEARCH_PATHS = (
					"$(inherited)",
					"@executable_path/Frameworks",
				);
				MARKETING_VERSION = 1.0;
				PRODUCT_BUNDLE_IDENTIFIER = com.sinavn.CoinScope;
				PRODUCT_NAME = "$(TARGET_NAME)";
				SWIFT_EMIT_LOC_STRINGS = YES;
				SWIFT_VERSION = 5.0;
				TARGETED_DEVICE_FAMILY = "1,2";
			};
			name = Debug;
		};
		6C8609F52C6A233100D33CD6 /* Release */ = {
			isa = XCBuildConfiguration;
			buildSettings = {
				ASSETCATALOG_COMPILER_APPICON_NAME = AppIcon;
				ASSETCATALOG_COMPILER_GLOBAL_ACCENT_COLOR_NAME = AccentColor;
				CODE_SIGN_STYLE = Automatic;
				CURRENT_PROJECT_VERSION = 1;
				DEVELOPMENT_ASSET_PATHS = "\"CoinScope/Preview Content\"";
				DEVELOPMENT_TEAM = C2RY72XWQ2;
				ENABLE_PREVIEWS = YES;
				GENERATE_INFOPLIST_FILE = YES;
				INFOPLIST_KEY_UIApplicationSceneManifest_Generation = YES;
				INFOPLIST_KEY_UIApplicationSupportsIndirectInputEvents = YES;
				INFOPLIST_KEY_UILaunchScreen_Generation = YES;
				INFOPLIST_KEY_UISupportedInterfaceOrientations_iPad = "UIInterfaceOrientationPortrait UIInterfaceOrientationPortraitUpsideDown UIInterfaceOrientationLandscapeLeft UIInterfaceOrientationLandscapeRight";
				INFOPLIST_KEY_UISupportedInterfaceOrientations_iPhone = "UIInterfaceOrientationPortrait UIInterfaceOrientationLandscapeLeft UIInterfaceOrientationLandscapeRight";
				LD_RUNPATH_SEARCH_PATHS = (
					"$(inherited)",
					"@executable_path/Frameworks",
				);
				MARKETING_VERSION = 1.0;
				PRODUCT_BUNDLE_IDENTIFIER = com.sinavn.CoinScope;
				PRODUCT_NAME = "$(TARGET_NAME)";
				SWIFT_EMIT_LOC_STRINGS = YES;
				SWIFT_VERSION = 5.0;
				TARGETED_DEVICE_FAMILY = "1,2";
			};
			name = Release;
		};
/* End XCBuildConfiguration section */

/* Begin XCConfigurationList section */
		6C8609E02C6A232C00D33CD6 /* Build configuration list for PBXProject "CoinScope" */ = {
			isa = XCConfigurationList;
			buildConfigurations = (
				6C8609F12C6A233100D33CD6 /* Debug */,
				6C8609F22C6A233100D33CD6 /* Release */,
			);
			defaultConfigurationIsVisible = 0;
			defaultConfigurationName = Release;
		};
		6C8609F32C6A233100D33CD6 /* Build configuration list for PBXNativeTarget "CoinScope" */ = {
			isa = XCConfigurationList;
			buildConfigurations = (
				6C8609F42C6A233100D33CD6 /* Debug */,
				6C8609F52C6A233100D33CD6 /* Release */,
			);
			defaultConfigurationIsVisible = 0;
			defaultConfigurationName = Release;
		};
/* End XCConfigurationList section */
	};
	rootObject = 6C8609DD2C6A232C00D33CD6 /* Project object */;
}
